{
  "name": "basic-trpc",
  "version": "1.0.0",
  "lockfileVersion": 3,
  "requires": true,
  "packages": {
    "": {
      "name": "basic-trpc",
      "version": "1.0.0",
      "license": "ISC",
      "dependencies": {
        "@trpc/client": "^11.0.0-rc.528",
        "@trpc/server": "^11.0.0-rc.528"
      }
    },
    "node_modules/@trpc/client": {
      "version": "11.0.0-rc.528",
      "resolved": "https://mirrors.cloud.tencent.com/npm/@trpc/client/-/client-11.0.0-rc.528.tgz",
      "integrity": "sha512-b+9StgzwfXSpC95utdi6rcghRX8W7gJW8TY4w/J9+Bjw+LFmUvO7Kk5krp+RMIx3rMm9/qbPwnFaVtpqX1AlgQ==",
      "funding": [
        "https://trpc.io/sponsor"
      ],
      "peerDependencies": {
        "@trpc/server": "11.0.0-rc.528+32e6b1285"
      }
    },
    "node_modules/@trpc/server": {
      "version": "11.0.0-rc.528",
      "resolved": "https://mirrors.cloud.tencent.com/npm/@trpc/server/-/server-11.0.0-rc.528.tgz",
      "integrity": "sha512-4+m1gKF7fX/ToorDUo4tPnd4O/kixmSB1ALOOxhwFt5E4qZpKV9ZqMzbTlsQ9zi0dTrZqja8lo64Sxao4blmuw==",
      "funding": [
        "https://trpc.io/sponsor"
      ]
    }
  }
}
